// !$*UTF8*$!
{
	archiveVersion = 1;
	classes = {
	};
	objectVersion = 54;
	objects = {

/* Begin PBXBuildFile section */
		43912ECA2A81402A008E0FE5 /* Lottie in Frameworks */ = {isa = PBXBuildFile; productRef = 43912EC92A81402A008E0FE5 /* Lottie */; };
		B718B94C28180E07002919A6 /* ViewController+CollectionView.swift in Sources */ = {isa = PBXBuildFile; fileRef = B718B94B28180E07002919A6 /* ViewController+CollectionView.swift */; };
		B75DB12028181A5100589C4B /* OptionViewController.swift in Sources */ = {isa = PBXBuildFile; fileRef = B75DB11F28181A5100589C4B /* OptionViewController.swift */; };
		B772504D281047E8000B3084 /* Model.xcdatamodeld in Sources */ = {isa = PBXBuildFile; fileRef = B772504B281047E8000B3084 /* Model.xcdatamodeld */; };
		B781EAB5271C7E92009A91FC /* Main.storyboard in Resources */ = {isa = PBXBuildFile; fileRef = DB0D9F251EEAED7D00F7D533 /* Main.storyboard */; };
		B781EAB6271C7E94009A91FC /* Assets.xcassets in Resources */ = {isa = PBXBuildFile; fileRef = DB0D9F281EEAED7D00F7D533 /* Assets.xcassets */; };
		B781EAB7271C7E97009A91FC /* LaunchScreen.storyboard in Resources */ = {isa = PBXBuildFile; fileRef = DB0D9F2A1EEAED7D00F7D533 /* LaunchScreen.storyboard */; };
		B79F75B3280FCF4B000034E5 /* Extension+ViewController.swift in Sources */ = {isa = PBXBuildFile; fileRef = B79F75B2280FCF4B000034E5 /* Extension+ViewController.swift */; };
		B7B808FD281052D1004E1F80 /* Contact+CoreDataClass.swift in Sources */ = {isa = PBXBuildFile; fileRef = B7B808FB281052D1004E1F80 /* Contact+CoreDataClass.swift */; };
		B7B808FE281052D1004E1F80 /* Contact+CoreDataProperties.swift in Sources */ = {isa = PBXBuildFile; fileRef = B7B808FC281052D1004E1F80 /* Contact+CoreDataProperties.swift */; };
		B7C9B4762704C3610011BA12 /* DetailViewController.swift in Sources */ = {isa = PBXBuildFile; fileRef = B7C9B4752704C3610011BA12 /* DetailViewController.swift */; };
		B7D3FD2C26FE354C00E1C614 /* ImageManager.swift in Sources */ = {isa = PBXBuildFile; fileRef = B7D3FD2B26FE354C00E1C614 /* ImageManager.swift */; };
		B7D3FD2E26FE3E4C00E1C614 /* CSCollectionViewCell.swift in Sources */ = {isa = PBXBuildFile; fileRef = B7D3FD2D26FE3E4C00E1C614 /* CSCollectionViewCell.swift */; };
		B7F0C30B271C805E00805F49 /* loading-animation.json in Resources */ = {isa = PBXBuildFile; fileRef = B7F0C30A271C805E00805F49 /* loading-animation.json */; };
		DB0D9F221EEAED7C00F7D533 /* AppDelegate.swift in Sources */ = {isa = PBXBuildFile; fileRef = DB0D9F211EEAED7C00F7D533 /* AppDelegate.swift */; };
		DB0D9F241EEAED7C00F7D533 /* ViewController.swift in Sources */ = {isa = PBXBuildFile; fileRef = DB0D9F231EEAED7C00F7D533 /* ViewController.swift */; };
		DB0D9F371EEAED7D00F7D533 /* GitfyTests.swift in Sources */ = {isa = PBXBuildFile; fileRef = DB0D9F361EEAED7D00F7D533 /* GitfyTests.swift */; };
/* End PBXBuildFile section */

/* Begin PBXContainerItemProxy section */
		DB0D9F331EEAED7D00F7D533 /* PBXContainerItemProxy */ = {
			isa = PBXContainerItemProxy;
			containerPortal = DB0D9F161EEAED7C00F7D533 /* Project object */;
			proxyType = 1;
			remoteGlobalIDString = DB0D9F1D1EEAED7C00F7D533;
			remoteInfo = "QRCode-Example";
		};
/* End PBXContainerItemProxy section */

/* Begin PBXFileReference section */
		B718B94B28180E07002919A6 /* ViewController+CollectionView.swift */ = {isa = PBXFileReference; lastKnownFileType = sourcecode.swift; path = "ViewController+CollectionView.swift"; sourceTree = "<group>"; };
		B74F3D5F2818C9C500B71A41 /* Gifty.entitlements */ = {isa = PBXFileReference; lastKnownFileType = text.plist.entitlements; path = Gifty.entitlements; sourceTree = "<group>"; };
		B75DB11F28181A5100589C4B /* OptionViewController.swift */ = {isa = PBXFileReference; lastKnownFileType = sourcecode.swift; path = OptionViewController.swift; sourceTree = "<group>"; };
		B772504C281047E8000B3084 /* Model.xcdatamodel */ = {isa = PBXFileReference; lastKnownFileType = wrapper.xcdatamodel; path = Model.xcdatamodel; sourceTree = "<group>"; };
		B79F75B2280FCF4B000034E5 /* Extension+ViewController.swift */ = {isa = PBXFileReference; lastKnownFileType = sourcecode.swift; path = "Extension+ViewController.swift"; sourceTree = "<group>"; };
		B7B808FB281052D1004E1F80 /* Contact+CoreDataClass.swift */ = {isa = PBXFileReference; lastKnownFileType = sourcecode.swift; path = "Contact+CoreDataClass.swift"; sourceTree = "<group>"; };
		B7B808FC281052D1004E1F80 /* Contact+CoreDataProperties.swift */ = {isa = PBXFileReference; lastKnownFileType = sourcecode.swift; path = "Contact+CoreDataProperties.swift"; sourceTree = "<group>"; };
		B7C9B4752704C3610011BA12 /* DetailViewController.swift */ = {isa = PBXFileReference; lastKnownFileType = sourcecode.swift; path = DetailViewController.swift; sourceTree = "<group>"; };
		B7D3FD2B26FE354C00E1C614 /* ImageManager.swift */ = {isa = PBXFileReference; lastKnownFileType = sourcecode.swift; path = ImageManager.swift; sourceTree = "<group>"; };
		B7D3FD2D26FE3E4C00E1C614 /* CSCollectionViewCell.swift */ = {isa = PBXFileReference; lastKnownFileType = sourcecode.swift; path = CSCollectionViewCell.swift; sourceTree = "<group>"; };
		B7F0C30A271C805E00805F49 /* loading-animation.json */ = {isa = PBXFileReference; fileEncoding = 4; lastKnownFileType = text.json; path = "loading-animation.json"; sourceTree = "<group>"; };
		DB0D9F1E1EEAED7C00F7D533 /* Gifty.app */ = {isa = PBXFileReference; explicitFileType = wrapper.application; includeInIndex = 0; path = Gifty.app; sourceTree = BUILT_PRODUCTS_DIR; };
		DB0D9F211EEAED7C00F7D533 /* AppDelegate.swift */ = {isa = PBXFileReference; lastKnownFileType = sourcecode.swift; path = AppDelegate.swift; sourceTree = "<group>"; };
		DB0D9F231EEAED7C00F7D533 /* ViewController.swift */ = {isa = PBXFileReference; lastKnownFileType = sourcecode.swift; path = ViewController.swift; sourceTree = "<group>"; };
		DB0D9F261EEAED7D00F7D533 /* Base */ = {isa = PBXFileReference; lastKnownFileType = file.storyboard; name = Base; path = Base.lproj/Main.storyboard; sourceTree = "<group>"; };
		DB0D9F281EEAED7D00F7D533 /* Assets.xcassets */ = {isa = PBXFileReference; lastKnownFileType = folder.assetcatalog; path = Assets.xcassets; sourceTree = "<group>"; };
		DB0D9F2B1EEAED7D00F7D533 /* Base */ = {isa = PBXFileReference; lastKnownFileType = file.storyboard; name = Base; path = Base.lproj/LaunchScreen.storyboard; sourceTree = "<group>"; };
		DB0D9F2D1EEAED7D00F7D533 /* Info.plist */ = {isa = PBXFileReference; lastKnownFileType = text.plist.xml; path = Info.plist; sourceTree = "<group>"; };
		DB0D9F321EEAED7D00F7D533 /* GiftyTests.xctest */ = {isa = PBXFileReference; explicitFileType = wrapper.cfbundle; includeInIndex = 0; path = GiftyTests.xctest; sourceTree = BUILT_PRODUCTS_DIR; };
		DB0D9F361EEAED7D00F7D533 /* GitfyTests.swift */ = {isa = PBXFileReference; lastKnownFileType = sourcecode.swift; path = GitfyTests.swift; sourceTree = "<group>"; };
		DB0D9F381EEAED7D00F7D533 /* Info.plist */ = {isa = PBXFileReference; lastKnownFileType = text.plist.xml; path = Info.plist; sourceTree = "<group>"; };
/* End PBXFileReference section */

/* Begin PBXFrameworksBuildPhase section */
		DB0D9F1B1EEAED7C00F7D533 /* Frameworks */ = {
			isa = PBXFrameworksBuildPhase;
			buildActionMask = 2147483647;
			files = (
				43912ECA2A81402A008E0FE5 /* Lottie in Frameworks */,
			);
			runOnlyForDeploymentPostprocessing = 0;
		};
		DB0D9F2F1EEAED7D00F7D533 /* Frameworks */ = {
			isa = PBXFrameworksBuildPhase;
			buildActionMask = 2147483647;
			files = (
			);
			runOnlyForDeploymentPostprocessing = 0;
		};
/* End PBXFrameworksBuildPhase section */

/* Begin PBXGroup section */
		B718B94628180D07002919A6 /* Animation */ = {
			isa = PBXGroup;
			children = (
				B7F0C30A271C805E00805F49 /* loading-animation.json */,
			);
			path = Animation;
			sourceTree = "<group>";
		};
		B718B94728180D10002919A6 /* View */ = {
			isa = PBXGroup;
			children = (
				DB0D9F231EEAED7C00F7D533 /* ViewController.swift */,
				B7C9B4752704C3610011BA12 /* DetailViewController.swift */,
				B75DB11F28181A5100589C4B /* OptionViewController.swift */,
			);
			path = View;
			sourceTree = "<group>";
		};
		B718B94828180D3A002919A6 /* Model */ = {
			isa = PBXGroup;
			children = (
				B7D3FD2D26FE3E4C00E1C614 /* CSCollectionViewCell.swift */,
			);
			path = Model;
			sourceTree = "<group>";
		};
		B718B94928180D69002919A6 /* Util */ = {
			isa = PBXGroup;
			children = (
				B7D3FD2B26FE354C00E1C614 /* ImageManager.swift */,
			);
			path = Util;
			sourceTree = "<group>";
		};
		B718B94A28180DB3002919A6 /* Extension */ = {
			isa = PBXGroup;
			children = (
				B79F75B2280FCF4B000034E5 /* Extension+ViewController.swift */,
				B718B94B28180E07002919A6 /* ViewController+CollectionView.swift */,
			);
			path = Extension;
			sourceTree = "<group>";
		};
		DB0D9F151EEAED7C00F7D533 = {
			isa = PBXGroup;
			children = (
				B7B808FB281052D1004E1F80 /* Contact+CoreDataClass.swift */,
				B7B808FC281052D1004E1F80 /* Contact+CoreDataProperties.swift */,
				DB0D9F201EEAED7C00F7D533 /* Gifty */,
				DB0D9F351EEAED7D00F7D533 /* GiftyTests */,
				DB0D9F1F1EEAED7C00F7D533 /* Products */,
			);
			sourceTree = "<group>";
		};
		DB0D9F1F1EEAED7C00F7D533 /* Products */ = {
			isa = PBXGroup;
			children = (
				DB0D9F1E1EEAED7C00F7D533 /* Gifty.app */,
				DB0D9F321EEAED7D00F7D533 /* GiftyTests.xctest */,
			);
			name = Products;
			sourceTree = "<group>";
		};
		DB0D9F201EEAED7C00F7D533 /* Gifty */ = {
			isa = PBXGroup;
			children = (
				B74F3D5F2818C9C500B71A41 /* Gifty.entitlements */,
				B718B94A28180DB3002919A6 /* Extension */,
				B718B94928180D69002919A6 /* Util */,
				B718B94828180D3A002919A6 /* Model */,
				B718B94728180D10002919A6 /* View */,
				B718B94628180D07002919A6 /* Animation */,
				DB0D9F211EEAED7C00F7D533 /* AppDelegate.swift */,
				DB0D9F251EEAED7D00F7D533 /* Main.storyboard */,
				DB0D9F281EEAED7D00F7D533 /* Assets.xcassets */,
				DB0D9F2A1EEAED7D00F7D533 /* LaunchScreen.storyboard */,
				DB0D9F2D1EEAED7D00F7D533 /* Info.plist */,
				B772504B281047E8000B3084 /* Model.xcdatamodeld */,
			);
			path = Gifty;
			sourceTree = "<group>";
		};
		DB0D9F351EEAED7D00F7D533 /* GiftyTests */ = {
			isa = PBXGroup;
			children = (
				DB0D9F361EEAED7D00F7D533 /* GitfyTests.swift */,
				DB0D9F381EEAED7D00F7D533 /* Info.plist */,
			);
			path = GiftyTests;
			sourceTree = "<group>";
		};
/* End PBXGroup section */

/* Begin PBXNativeTarget section */
		DB0D9F1D1EEAED7C00F7D533 /* Gifty */ = {
			isa = PBXNativeTarget;
			buildConfigurationList = DB0D9F3B1EEAED7D00F7D533 /* Build configuration list for PBXNativeTarget "Gifty" */;
			buildPhases = (
				DB0D9F1A1EEAED7C00F7D533 /* Sources */,
				DB0D9F1B1EEAED7C00F7D533 /* Frameworks */,
				DB0D9F1C1EEAED7C00F7D533 /* Resources */,
			);
			buildRules = (
			);
			dependencies = (
			);
			name = Gifty;
			packageProductDependencies = (
				43912EC92A81402A008E0FE5 /* Lottie */,
			);
			productName = "QRCode-Example";
			productReference = DB0D9F1E1EEAED7C00F7D533 /* Gifty.app */;
			productType = "com.apple.product-type.application";
		};
		DB0D9F311EEAED7D00F7D533 /* GiftyTests */ = {
			isa = PBXNativeTarget;
			buildConfigurationList = DB0D9F3E1EEAED7D00F7D533 /* Build configuration list for PBXNativeTarget "GiftyTests" */;
			buildPhases = (
				DB0D9F2E1EEAED7D00F7D533 /* Sources */,
				DB0D9F2F1EEAED7D00F7D533 /* Frameworks */,
				DB0D9F301EEAED7D00F7D533 /* Resources */,
			);
			buildRules = (
			);
			dependencies = (
				DB0D9F341EEAED7D00F7D533 /* PBXTargetDependency */,
			);
			name = GiftyTests;
			productName = "QRCode-ExampleTests";
			productReference = DB0D9F321EEAED7D00F7D533 /* GiftyTests.xctest */;
			productType = "com.apple.product-type.bundle.unit-test";
		};
/* End PBXNativeTarget section */

/* Begin PBXProject section */
		DB0D9F161EEAED7C00F7D533 /* Project object */ = {
			isa = PBXProject;
			attributes = {
				BuildIndependentTargetsInParallel = YES;
				LastSwiftUpdateCheck = 0900;
				LastUpgradeCheck = 1500;
				ORGANIZATIONNAME = "Hans Knoechel";
				TargetAttributes = {
					DB0D9F1D1EEAED7C00F7D533 = {
						CreatedOnToolsVersion = 9.0;
						LastSwiftMigration = "";
						ProvisioningStyle = Automatic;
					};
					DB0D9F311EEAED7D00F7D533 = {
						CreatedOnToolsVersion = 9.0;
						LastSwiftMigration = "";
						TestTargetID = DB0D9F1D1EEAED7C00F7D533;
					};
				};
			};
			buildConfigurationList = DB0D9F191EEAED7C00F7D533 /* Build configuration list for PBXProject "Gifty" */;
			compatibilityVersion = "Xcode 8.0";
			developmentRegion = en;
			hasScannedForEncodings = 0;
			knownRegions = (
				en,
				Base,
			);
			mainGroup = DB0D9F151EEAED7C00F7D533;
			packageReferences = (
				43912EC82A81402A008E0FE5 /* XCRemoteSwiftPackageReference "lottie-ios" */,
			);
			productRefGroup = DB0D9F1F1EEAED7C00F7D533 /* Products */;
			projectDirPath = "";
			projectRoot = "";
			targets = (
				DB0D9F1D1EEAED7C00F7D533 /* Gifty */,
				DB0D9F311EEAED7D00F7D533 /* GiftyTests */,
			);
		};
/* End PBXProject section */

/* Begin PBXResourcesBuildPhase section */
		DB0D9F1C1EEAED7C00F7D533 /* Resources */ = {
			isa = PBXResourcesBuildPhase;
			buildActionMask = 2147483647;
			files = (
				B781EAB7271C7E97009A91FC /* LaunchScreen.storyboard in Resources */,
				B7F0C30B271C805E00805F49 /* loading-animation.json in Resources */,
				B781EAB6271C7E94009A91FC /* Assets.xcassets in Resources */,
				B781EAB5271C7E92009A91FC /* Main.storyboard in Resources */,
			);
			runOnlyForDeploymentPostprocessing = 0;
		};
		DB0D9F301EEAED7D00F7D533 /* Resources */ = {
			isa = PBXResourcesBuildPhase;
			buildActionMask = 2147483647;
			files = (
			);
			runOnlyForDeploymentPostprocessing = 0;
		};
/* End PBXResourcesBuildPhase section */

/* Begin PBXSourcesBuildPhase section */
		DB0D9F1A1EEAED7C00F7D533 /* Sources */ = {
			isa = PBXSourcesBuildPhase;
			buildActionMask = 2147483647;
			files = (
				B79F75B3280FCF4B000034E5 /* Extension+ViewController.swift in Sources */,
				DB0D9F241EEAED7C00F7D533 /* ViewController.swift in Sources */,
				B772504D281047E8000B3084 /* Model.xcdatamodeld in Sources */,
				B7B808FD281052D1004E1F80 /* Contact+CoreDataClass.swift in Sources */,
				B718B94C28180E07002919A6 /* ViewController+CollectionView.swift in Sources */,
				DB0D9F221EEAED7C00F7D533 /* AppDelegate.swift in Sources */,
				B7B808FE281052D1004E1F80 /* Contact+CoreDataProperties.swift in Sources */,
				B7C9B4762704C3610011BA12 /* DetailViewController.swift in Sources */,
				B7D3FD2E26FE3E4C00E1C614 /* CSCollectionViewCell.swift in Sources */,
				B7D3FD2C26FE354C00E1C614 /* ImageManager.swift in Sources */,
				B75DB12028181A5100589C4B /* OptionViewController.swift in Sources */,
			);
			runOnlyForDeploymentPostprocessing = 0;
		};
		DB0D9F2E1EEAED7D00F7D533 /* Sources */ = {
			isa = PBXSourcesBuildPhase;
			buildActionMask = 2147483647;
			files = (
				DB0D9F371EEAED7D00F7D533 /* GitfyTests.swift in Sources */,
			);
			runOnlyForDeploymentPostprocessing = 0;
		};
/* End PBXSourcesBuildPhase section */

/* Begin PBXTargetDependency section */
		DB0D9F341EEAED7D00F7D533 /* PBXTargetDependency */ = {
			isa = PBXTargetDependency;
			target = DB0D9F1D1EEAED7C00F7D533 /* Gifty */;
			targetProxy = DB0D9F331EEAED7D00F7D533 /* PBXContainerItemProxy */;
		};
/* End PBXTargetDependency section */

/* Begin PBXVariantGroup section */
		DB0D9F251EEAED7D00F7D533 /* Main.storyboard */ = {
			isa = PBXVariantGroup;
			children = (
				DB0D9F261EEAED7D00F7D533 /* Base */,
			);
			name = Main.storyboard;
			sourceTree = "<group>";
		};
		DB0D9F2A1EEAED7D00F7D533 /* LaunchScreen.storyboard */ = {
			isa = PBXVariantGroup;
			children = (
				DB0D9F2B1EEAED7D00F7D533 /* Base */,
			);
			name = LaunchScreen.storyboard;
			sourceTree = "<group>";
		};
/* End PBXVariantGroup section */

/* Begin XCBuildConfiguration section */
		DB0D9F391EEAED7D00F7D533 /* Debug */ = {
			isa = XCBuildConfiguration;
			buildSettings = {
				ALWAYS_SEARCH_USER_PATHS = NO;
				CLANG_ANALYZER_NONNULL = YES;
				CLANG_ANALYZER_NUMBER_OBJECT_CONVERSION = YES_AGGRESSIVE;
				CLANG_CXX_LANGUAGE_STANDARD = "gnu++14";
				CLANG_CXX_LIBRARY = "libc++";
				CLANG_ENABLE_MODULES = YES;
				CLANG_ENABLE_OBJC_ARC = YES;
				CLANG_WARN_BLOCK_CAPTURE_AUTORELEASING = YES;
				CLANG_WARN_BOOL_CONVERSION = YES;
				CLANG_WARN_COMMA = YES;
				CLANG_WARN_CONSTANT_CONVERSION = YES;
				CLANG_WARN_DEPRECATED_OBJC_IMPLEMENTATIONS = YES;
				CLANG_WARN_DIRECT_OBJC_ISA_USAGE = YES_ERROR;
				CLANG_WARN_DOCUMENTATION_COMMENTS = YES;
				CLANG_WARN_EMPTY_BODY = YES;
				CLANG_WARN_ENUM_CONVERSION = YES;
				CLANG_WARN_INFINITE_RECURSION = YES;
				CLANG_WARN_INT_CONVERSION = YES;
				CLANG_WARN_NON_LITERAL_NULL_CONVERSION = YES;
				CLANG_WARN_OBJC_IMPLICIT_RETAIN_SELF = YES;
				CLANG_WARN_OBJC_LITERAL_CONVERSION = YES;
				CLANG_WARN_OBJC_ROOT_CLASS = YES_ERROR;
				CLANG_WARN_QUOTED_INCLUDE_IN_FRAMEWORK_HEADER = YES;
				CLANG_WARN_RANGE_LOOP_ANALYSIS = YES;
				CLANG_WARN_STRICT_PROTOTYPES = YES;
				CLANG_WARN_SUSPICIOUS_MOVE = YES;
				CLANG_WARN_UNGUARDED_AVAILABILITY = YES_AGGRESSIVE;
				CLANG_WARN_UNREACHABLE_CODE = YES;
				CLANG_WARN__DUPLICATE_METHOD_MATCH = YES;
				CODE_SIGN_IDENTITY = "iPhone Developer";
				COPY_PHASE_STRIP = NO;
				DEBUG_INFORMATION_FORMAT = dwarf;
				DEVELOPMENT_TEAM = DVN7WHGQ36;
				ENABLE_STRICT_OBJC_MSGSEND = YES;
				ENABLE_TESTABILITY = YES;
				ENABLE_USER_SCRIPT_SANDBOXING = YES;
				GCC_C_LANGUAGE_STANDARD = gnu11;
				GCC_DYNAMIC_NO_PIC = NO;
				GCC_NO_COMMON_BLOCKS = YES;
				GCC_OPTIMIZATION_LEVEL = 0;
				GCC_PREPROCESSOR_DEFINITIONS = (
					"DEBUG=1",
					"$(inherited)",
				);
				GCC_WARN_64_TO_32_BIT_CONVERSION = YES;
				GCC_WARN_ABOUT_RETURN_TYPE = YES_ERROR;
				GCC_WARN_UNDECLARED_SELECTOR = YES;
				GCC_WARN_UNINITIALIZED_AUTOS = YES_AGGRESSIVE;
				GCC_WARN_UNUSED_FUNCTION = YES;
				GCC_WARN_UNUSED_VARIABLE = YES;
				IPHONEOS_DEPLOYMENT_TARGET = 14.0;
				MTL_ENABLE_DEBUG_INFO = YES;
				ONLY_ACTIVE_ARCH = YES;
				SDKROOT = iphoneos;
				SWIFT_ACTIVE_COMPILATION_CONDITIONS = DEBUG;
				SWIFT_OPTIMIZATION_LEVEL = "-Onone";
			};
			name = Debug;
		};
		DB0D9F3A1EEAED7D00F7D533 /* Release */ = {
			isa = XCBuildConfiguration;
			buildSettings = {
				ALWAYS_SEARCH_USER_PATHS = NO;
				CLANG_ANALYZER_NONNULL = YES;
				CLANG_ANALYZER_NUMBER_OBJECT_CONVERSION = YES_AGGRESSIVE;
				CLANG_CXX_LANGUAGE_STANDARD = "gnu++14";
				CLANG_CXX_LIBRARY = "libc++";
				CLANG_ENABLE_MODULES = YES;
				CLANG_ENABLE_OBJC_ARC = YES;
				CLANG_WARN_BLOCK_CAPTURE_AUTORELEASING = YES;
				CLANG_WARN_BOOL_CONVERSION = YES;
				CLANG_WARN_COMMA = YES;
				CLANG_WARN_CONSTANT_CONVERSION = YES;
				CLANG_WARN_DEPRECATED_OBJC_IMPLEMENTATIONS = YES;
				CLANG_WARN_DIRECT_OBJC_ISA_USAGE = YES_ERROR;
				CLANG_WARN_DOCUMENTATION_COMMENTS = YES;
				CLANG_WARN_EMPTY_BODY = YES;
				CLANG_WARN_ENUM_CONVERSION = YES;
				CLANG_WARN_INFINITE_RECURSION = YES;
				CLANG_WARN_INT_CONVERSION = YES;
				CLANG_WARN_NON_LITERAL_NULL_CONVERSION = YES;
				CLANG_WARN_OBJC_IMPLICIT_RETAIN_SELF = YES;
				CLANG_WARN_OBJC_LITERAL_CONVERSION = YES;
				CLANG_WARN_OBJC_ROOT_CLASS = YES_ERROR;
				CLANG_WARN_QUOTED_INCLUDE_IN_FRAMEWORK_HEADER = YES;
				CLANG_WARN_RANGE_LOOP_ANALYSIS = YES;
				CLANG_WARN_STRICT_PROTOTYPES = YES;
				CLANG_WARN_SUSPICIOUS_MOVE = YES;
				CLANG_WARN_UNGUARDED_AVAILABILITY = YES_AGGRESSIVE;
				CLANG_WARN_UNREACHABLE_CODE = YES;
				CLANG_WARN__DUPLICATE_METHOD_MATCH = YES;
				CODE_SIGN_IDENTITY = "iPhone Developer";
				COPY_PHASE_STRIP = NO;
				DEBUG_INFORMATION_FORMAT = "dwarf-with-dsym";
				DEVELOPMENT_TEAM = DVN7WHGQ36;
				ENABLE_NS_ASSERTIONS = NO;
				ENABLE_STRICT_OBJC_MSGSEND = YES;
				ENABLE_USER_SCRIPT_SANDBOXING = YES;
				GCC_C_LANGUAGE_STANDARD = gnu11;
				GCC_NO_COMMON_BLOCKS = YES;
				GCC_WARN_64_TO_32_BIT_CONVERSION = YES;
				GCC_WARN_ABOUT_RETURN_TYPE = YES_ERROR;
				GCC_WARN_UNDECLARED_SELECTOR = YES;
				GCC_WARN_UNINITIALIZED_AUTOS = YES_AGGRESSIVE;
				GCC_WARN_UNUSED_FUNCTION = YES;
				GCC_WARN_UNUSED_VARIABLE = YES;
				IPHONEOS_DEPLOYMENT_TARGET = 14.0;
				MTL_ENABLE_DEBUG_INFO = NO;
				SDKROOT = iphoneos;
				SWIFT_COMPILATION_MODE = wholemodule;
				SWIFT_OPTIMIZATION_LEVEL = "-O";
				VALIDATE_PRODUCT = YES;
			};
			name = Release;
		};
		DB0D9F3C1EEAED7D00F7D533 /* Debug */ = {
			isa = XCBuildConfiguration;
			buildSettings = {
				ASSETCATALOG_COMPILER_APPICON_NAME = AppIcon;
				CODE_SIGN_ENTITLEMENTS = Gifty/Gifty.entitlements;
				CODE_SIGN_IDENTITY = "Apple Development";
				CODE_SIGN_STYLE = Automatic;
				DEVELOPMENT_TEAM = X843D4L2C2;
				INFOPLIST_FILE = Gifty/Info.plist;
				INFOPLIST_KEY_LSApplicationCategoryType = "public.app-category.utilities";
				LD_RUNPATH_SEARCH_PATHS = (
					"$(inherited)",
					"@executable_path/Frameworks",
				);
				MARKETING_VERSION = 1.0.7;
				PRODUCT_BUNDLE_IDENTIFIER = com.gifty.ji;
				PRODUCT_NAME = "$(TARGET_NAME)";
				PROVISIONING_PROFILE_SPECIFIER = "";
				SUPPORTS_MACCATALYST = YES;
				SWIFT_OPTIMIZATION_LEVEL = "-Onone";
				SWIFT_VERSION = 5.0;
				TARGETED_DEVICE_FAMILY = "1,2";
			};
			name = Debug;
		};
		DB0D9F3D1EEAED7D00F7D533 /* Release */ = {
			isa = XCBuildConfiguration;
			buildSettings = {
				ASSETCATALOG_COMPILER_APPICON_NAME = AppIcon;
				CODE_SIGN_ENTITLEMENTS = Gifty/Gifty.entitlements;
				CODE_SIGN_IDENTITY = "Apple Development";
				CODE_SIGN_STYLE = Automatic;
				DEVELOPMENT_TEAM = X843D4L2C2;
				INFOPLIST_FILE = Gifty/Info.plist;
				INFOPLIST_KEY_LSApplicationCategoryType = "public.app-category.utilities";
				LD_RUNPATH_SEARCH_PATHS = (
					"$(inherited)",
					"@executable_path/Frameworks",
				);
				MARKETING_VERSION = 1.0.7;
				PRODUCT_BUNDLE_IDENTIFIER = com.gifty.ji;
				PRODUCT_NAME = "$(TARGET_NAME)";
				PROVISIONING_PROFILE_SPECIFIER = "";
				SUPPORTS_MACCATALYST = YES;
				SWIFT_OPTIMIZATION_LEVEL = "-Onone";
				SWIFT_VERSION = 5.0;
				TARGETED_DEVICE_FAMILY = "1,2";
			};
			name = Release;
		};
		DB0D9F3F1EEAED7D00F7D533 /* Debug */ = {
			isa = XCBuildConfiguration;
			buildSettings = {
				ALWAYS_EMBED_SWIFT_STANDARD_LIBRARIES = YES;
				BUNDLE_LOADER = "$(TEST_HOST)";
				DEVELOPMENT_TEAM = X843D4L2C2;
				INFOPLIST_FILE = "QRCode-ExampleTests/Info.plist";
				LD_RUNPATH_SEARCH_PATHS = (
					"$(inherited)",
					"@executable_path/Frameworks",
					"@loader_path/Frameworks",
				);
				PRODUCT_BUNDLE_IDENTIFIER = "de.hsos.QRCode-ExampleTests";
				PRODUCT_NAME = "$(TARGET_NAME)";
				SWIFT_OPTIMIZATION_LEVEL = "-Onone";
				SWIFT_VERSION = 5.0;
				TARGETED_DEVICE_FAMILY = "1,2";
				TEST_HOST = "$(BUILT_PRODUCTS_DIR)/Gifty.app/Gifty";
			};
			name = Debug;
		};
		DB0D9F401EEAED7D00F7D533 /* Release */ = {
			isa = XCBuildConfiguration;
			buildSettings = {
				ALWAYS_EMBED_SWIFT_STANDARD_LIBRARIES = YES;
				BUNDLE_LOADER = "$(TEST_HOST)";
				DEVELOPMENT_TEAM = X843D4L2C2;
				INFOPLIST_FILE = "QRCode-ExampleTests/Info.plist";
				LD_RUNPATH_SEARCH_PATHS = (
					"$(inherited)",
					"@executable_path/Frameworks",
					"@loader_path/Frameworks",
				);
				PRODUCT_BUNDLE_IDENTIFIER = "de.hsos.QRCode-ExampleTests";
				PRODUCT_NAME = "$(TARGET_NAME)";
				SWIFT_OPTIMIZATION_LEVEL = "-Onone";
				SWIFT_VERSION = 5.0;
				TARGETED_DEVICE_FAMILY = "1,2";
				TEST_HOST = "$(BUILT_PRODUCTS_DIR)/Gifty.app/Gifty";
			};
			name = Release;
		};
/* End XCBuildConfiguration section */

/* Begin XCConfigurationList section */
		DB0D9F191EEAED7C00F7D533 /* Build configuration list for PBXProject "Gifty" */ = {
			isa = XCConfigurationList;
			buildConfigurations = (
				DB0D9F391EEAED7D00F7D533 /* Debug */,
				DB0D9F3A1EEAED7D00F7D533 /* Release */,
			);
			defaultConfigurationIsVisible = 0;
			defaultConfigurationName = Release;
		};
		DB0D9F3B1EEAED7D00F7D533 /* Build configuration list for PBXNativeTarget "Gifty" */ = {
			isa = XCConfigurationList;
			buildConfigurations = (
				DB0D9F3C1EEAED7D00F7D533 /* Debug */,
				DB0D9F3D1EEAED7D00F7D533 /* Release */,
			);
			defaultConfigurationIsVisible = 0;
			defaultConfigurationName = Release;
		};
		DB0D9F3E1EEAED7D00F7D533 /* Build configuration list for PBXNativeTarget "GiftyTests" */ = {
			isa = XCConfigurationList;
			buildConfigurations = (
				DB0D9F3F1EEAED7D00F7D533 /* Debug */,
				DB0D9F401EEAED7D00F7D533 /* Release */,
			);
			defaultConfigurationIsVisible = 0;
			defaultConfigurationName = Release;
		};
/* End XCConfigurationList section */

/* Begin XCRemoteSwiftPackageReference section */
		43912EC82A81402A008E0FE5 /* XCRemoteSwiftPackageReference "lottie-ios" */ = {
			isa = XCRemoteSwiftPackageReference;
			repositoryURL = "https://github.com/airbnb/lottie-ios.git";
			requirement = {
				kind = upToNextMajorVersion;
				minimumVersion = 4.2.0;
			};
		};
/* End XCRemoteSwiftPackageReference section */

/* Begin XCSwiftPackageProductDependency section */
		43912EC92A81402A008E0FE5 /* Lottie */ = {
			isa = XCSwiftPackageProductDependency;
			package = 43912EC82A81402A008E0FE5 /* XCRemoteSwiftPackageReference "lottie-ios" */;
			productName = Lottie;
		};
/* End XCSwiftPackageProductDependency section */

/* Begin XCVersionGroup section */
		B772504B281047E8000B3084 /* Model.xcdatamodeld */ = {
			isa = XCVersionGroup;
			children = (
				B772504C281047E8000B3084 /* Model.xcdatamodel */,
			);
			currentVersion = B772504C281047E8000B3084 /* Model.xcdatamodel */;
			path = Model.xcdatamodeld;
			sourceTree = "<group>";
			versionGroupType = wrapper.xcdatamodel;
		};
/* End XCVersionGroup section */
	};
	rootObject = DB0D9F161EEAED7C00F7D533 /* Project object */;
}
